
Microsoft Visual Studio Solution File, Format Version 12.00
# Visual Studio Version 16
VisualStudioVersion = 25.0.1706.6
MinimumVisualStudioVersion = 10.0.40219.1
Project("{FAE04EC0-301F-11D3-BF4B-00C04F79EFBC}") = "test", "test\test.csproj", "{142B728F-8722-45FB-A81D-88651D8FE201}"
EndProject
Global
	GlobalSection(SolutionConfigurationPlatforms) = preSolution
		Debug|Any CPU = Debug|Any CPU
		Release|Any CPU = Release|Any CPU
	EndGlobalSection
	GlobalSection(ProjectConfigurationPlatforms) = postSolution
		{142B728F-8722-45FB-A81D-88651D8FE201}.Debug|Any CPU.ActiveCfg = Debug|Any CPU
		{142B728F-8722-45FB-A81D-88651D8FE201}.Debug|Any CPU.Build.0 = Debug|Any CPU
		{142B728F-8722-45FB-A81D-88651D8FE201}.Release|Any CPU.ActiveCfg = Release|Any CPU
		{142B728F-8722-45FB-A81D-88651D8FE201}.Release|Any CPU.Build.0 = Release|Any CPU
	EndGlobalSection
	GlobalSection(SolutionProperties) = preSolution
		HideSolutionNode = FALSE
	EndGlobalSection
	GlobalSection(ExtensibilityGlobals) = postSolution
		SolutionGuid = {CE1FE47F-CEC9-468B-A383-281C9530CF38}
	EndGlobalSection
EndGlobal
